
Microsoft Visual Studio Solution File, Format Version 12.00
# Visual Studio Version 17
VisualStudioVersion = 17.14.36623.8 d17.14
MinimumVisualStudioVersion = 10.0.40219.1
Project("{FAE04EC0-301F-11D3-BF4B-00C04F79EFBC}") = "LR4_Project", "LR4_Project\LR4_Project.csproj", "{2D50C24D-2F7A-43BE-92FC-54DE04F2ACD3}"
EndProject
Global
	GlobalSection(SolutionConfigurationPlatforms) = preSolution
		Debug|Any CPU = Debug|Any CPU
		Release|Any CPU = Release|Any CPU
	EndGlobalSection
	GlobalSection(ProjectConfigurationPlatforms) = postSolution
		{2D50C24D-2F7A-43BE-92FC-54DE04F2ACD3}.Debug|Any CPU.ActiveCfg = Debug|Any CPU
		{2D50C24D-2F7A-43BE-92FC-54DE04F2ACD3}.Debug|Any CPU.Build.0 = Debug|Any CPU
		{2D50C24D-2F7A-43BE-92FC-54DE04F2ACD3}.Release|Any CPU.ActiveCfg = Release|Any CPU
		{2D50C24D-2F7A-43BE-92FC-54DE04F2ACD3}.Release|Any CPU.Build.0 = Release|Any CPU
	EndGlobalSection
	GlobalSection(SolutionProperties) = preSolution
		HideSolutionNode = FALSE
	EndGlobalSection
	GlobalSection(ExtensibilityGlobals) = postSolution
		SolutionGuid = {1F17E48F-AF08-46E3-B3D0-8C44D9FD0E03}
	EndGlobalSection
EndGlobal
